
Microsoft Visual Studio Solution File, Format Version 12.00
# Visual Studio Version 16
VisualStudioVersion = 16.0.31424.327
MinimumVisualStudioVersion = 10.0.40219.1
Project("{F184B08F-C81C-45F6-A57F-5ABD9991F28F}") = "LABORATORIO", "LABORATORIO.vbproj", "{06864E47-2ED6-4F64-BB17-6C4C73D0F897}"
EndProject
Global
	GlobalSection(SolutionConfigurationPlatforms) = preSolution
		Debug|Any CPU = Debug|Any CPU
		Release|Any CPU = Release|Any CPU
	EndGlobalSection
	GlobalSection(ProjectConfigurationPlatforms) = postSolution
		{06864E47-2ED6-4F64-BB17-6C4C73D0F897}.Debug|Any CPU.ActiveCfg = Debug|Any CPU
		{06864E47-2ED6-4F64-BB17-6C4C73D0F897}.Debug|Any CPU.Build.0 = Debug|Any CPU
		{06864E47-2ED6-4F64-BB17-6C4C73D0F897}.Release|Any CPU.ActiveCfg = Release|Any CPU
		{06864E47-2ED6-4F64-BB17-6C4C73D0F897}.Release|Any CPU.Build.0 = Release|Any CPU
	EndGlobalSection
	GlobalSection(SolutionProperties) = preSolution
		HideSolutionNode = FALSE
	EndGlobalSection
	GlobalSection(ExtensibilityGlobals) = postSolution
		SolutionGuid = {FEE99809-FC0B-4670-9BBD-9C3B477C0540}
	EndGlobalSection
EndGlobal
